
Microsoft Visual Studio Solution File, Format Version 12.00
# Visual Studio Version 16
VisualStudioVersion = 16.0.29102.190
MinimumVisualStudioVersion = 10.0.40219.1
Project("{9A19103F-16F7-4668-BE54-9A1E7A4F7556}") = "DataService", "DataService\DataService.csproj", "{11A057BF-C7CE-407D-AB17-C48B1F879216}"
EndProject
Project("{9A19103F-16F7-4668-BE54-9A1E7A4F7556}") = "AkilliProgramApi", "AkilliProgramApi\AkilliProgramApi.csproj", "{1FA4DC03-729F-4761-BA6F-5E5C7C61C096}"
EndProject
Global
	GlobalSection(SolutionConfigurationPlatforms) = preSolution
		Debug|Any CPU = Debug|Any CPU
		Release|Any CPU = Release|Any CPU
	EndGlobalSection
	GlobalSection(ProjectConfigurationPlatforms) = postSolution
		{11A057BF-C7CE-407D-AB17-C48B1F879216}.Debug|Any CPU.ActiveCfg = Debug|Any CPU
		{11A057BF-C7CE-407D-AB17-C48B1F879216}.Debug|Any CPU.Build.0 = Debug|Any CPU
		{11A057BF-C7CE-407D-AB17-C48B1F879216}.Release|Any CPU.ActiveCfg = Release|Any CPU
		{11A057BF-C7CE-407D-AB17-C48B1F879216}.Release|Any CPU.Build.0 = Release|Any CPU
		{1FA4DC03-729F-4761-BA6F-5E5C7C61C096}.Debug|Any CPU.ActiveCfg = Debug|Any CPU
		{1FA4DC03-729F-4761-BA6F-5E5C7C61C096}.Debug|Any CPU.Build.0 = Debug|Any CPU
		{1FA4DC03-729F-4761-BA6F-5E5C7C61C096}.Release|Any CPU.ActiveCfg = Release|Any CPU
		{1FA4DC03-729F-4761-BA6F-5E5C7C61C096}.Release|Any CPU.Build.0 = Release|Any CPU
	EndGlobalSection
	GlobalSection(SolutionProperties) = preSolution
		HideSolutionNode = FALSE
	EndGlobalSection
	GlobalSection(ExtensibilityGlobals) = postSolution
		SolutionGuid = {F1F97BEF-DE77-400E-A0AD-610A8CF076D6}
	EndGlobalSection
EndGlobal
